// !$*UTF8*$!
{
	archiveVersion = 1;
	classes = {
	};
	objectVersion = 51;
	objects = {

/* Begin PBXBuildFile section */
		115FF1DFAA099772D0512A83 /* Pods_Spots_SpotsUITests.framework in Frameworks */ = {isa = PBXBuildFile; fileRef = ED8F2C523BCAC67FCF9ABAE2 /* Pods_Spots_SpotsUITests.framework */; };
		3324DAF927435CB8001F6F6C /* HomeScreen.storyboard in Resources */ = {isa = PBXBuildFile; fileRef = 3324DAF827435CB8001F6F6C /* HomeScreen.storyboard */; };
		3324DAFF27436BE8001F6F6C /* HomeViewController.swift in Sources */ = {isa = PBXBuildFile; fileRef = 3324DAFE27436BE8001F6F6C /* HomeViewController.swift */; };
		3324DB032744A67D001F6F6C /* LoginViewController.swift in Sources */ = {isa = PBXBuildFile; fileRef = 3324DB022744A67D001F6F6C /* LoginViewController.swift */; };
		33BB2644274C3BB5007CB09A /* FoodandDrinksScreen.storyboard in Resources */ = {isa = PBXBuildFile; fileRef = 33BB2643274C3BB5007CB09A /* FoodandDrinksScreen.storyboard */; };
		33BB2646274C3C0C007CB09A /* FoodandDrinksController.swift in Sources */ = {isa = PBXBuildFile; fileRef = 33BB2645274C3C0C007CB09A /* FoodandDrinksController.swift */; };
		33BB2648274C59A6007CB09A /* PlacesScreen.storyboard in Resources */ = {isa = PBXBuildFile; fileRef = 33BB2647274C59A6007CB09A /* PlacesScreen.storyboard */; };
		4C4D33E6789022A66F024FE3 /* Pods_Spots.framework in Frameworks */ = {isa = PBXBuildFile; fileRef = 8E438B84D534172E85081950 /* Pods_Spots.framework */; };
		4C853BA6274CA9CF00156C39 /* RegistrationScreen.storyboard in Resources */ = {isa = PBXBuildFile; fileRef = 4C853BA5274CA9CF00156C39 /* RegistrationScreen.storyboard */; };
		4C853BA8274CAA3A00156C39 /* RegistrationViewController.swift in Sources */ = {isa = PBXBuildFile; fileRef = 4C853BA7274CAA3A00156C39 /* RegistrationViewController.swift */; };
		55B7E549274CA4F30019CDE5 /* Logo.png in Resources */ = {isa = PBXBuildFile; fileRef = 55B7E548274CA4F30019CDE5 /* Logo.png */; };
		55B87D49273A39F3003D55FE /* AppDelegate.swift in Sources */ = {isa = PBXBuildFile; fileRef = 55B87D48273A39F3003D55FE /* AppDelegate.swift */; };
		55B87D4B273A39F3003D55FE /* SceneDelegate.swift in Sources */ = {isa = PBXBuildFile; fileRef = 55B87D4A273A39F3003D55FE /* SceneDelegate.swift */; };
		55B87D4D273A39F3003D55FE /* ViewController.swift in Sources */ = {isa = PBXBuildFile; fileRef = 55B87D4C273A39F3003D55FE /* ViewController.swift */; };
		55B87D50273A39F3003D55FE /* Main.storyboard in Resources */ = {isa = PBXBuildFile; fileRef = 55B87D4E273A39F3003D55FE /* Main.storyboard */; };
		55B87D52273A39F5003D55FE /* Assets.xcassets in Resources */ = {isa = PBXBuildFile; fileRef = 55B87D51273A39F5003D55FE /* Assets.xcassets */; };
		55B87D55273A39F5003D55FE /* LaunchScreen.storyboard in Resources */ = {isa = PBXBuildFile; fileRef = 55B87D53273A39F5003D55FE /* LaunchScreen.storyboard */; };
		55B87D60273A39F5003D55FE /* SpotsTests.swift in Sources */ = {isa = PBXBuildFile; fileRef = 55B87D5F273A39F5003D55FE /* SpotsTests.swift */; };
		55B87D6B273A39F5003D55FE /* SpotsUITests.swift in Sources */ = {isa = PBXBuildFile; fileRef = 55B87D6A273A39F5003D55FE /* SpotsUITests.swift */; };
		55B87D79273A3EB5003D55FE /* LoginScreen.storyboard in Resources */ = {isa = PBXBuildFile; fileRef = 55B87D78273A3EB5003D55FE /* LoginScreen.storyboard */; };
		B65CBF2D2FA4F77212971593 /* Pods_SpotsTests.framework in Frameworks */ = {isa = PBXBuildFile; fileRef = A1820347F9CB8DA1E2B5DE47 /* Pods_SpotsTests.framework */; };
/* End PBXBuildFile section */

/* Begin PBXContainerItemProxy section */
		55B87D5C273A39F5003D55FE /* PBXContainerItemProxy */ = {
			isa = PBXContainerItemProxy;
			containerPortal = 55B87D3D273A39F3003D55FE /* Project object */;
			proxyType = 1;
			remoteGlobalIDString = 55B87D44273A39F3003D55FE;
			remoteInfo = Spots;
		};
		55B87D67273A39F5003D55FE /* PBXContainerItemProxy */ = {
			isa = PBXContainerItemProxy;
			containerPortal = 55B87D3D273A39F3003D55FE /* Project object */;
			proxyType = 1;
			remoteGlobalIDString = 55B87D44273A39F3003D55FE;
			remoteInfo = Spots;
		};
/* End PBXContainerItemProxy section */

/* Begin PBXFileReference section */
		0200F359E5642325F939CA9D /* Pods-Spots-SpotsUITests.release.xcconfig */ = {isa = PBXFileReference; includeInIndex = 1; lastKnownFileType = text.xcconfig; name = "Pods-Spots-SpotsUITests.release.xcconfig"; path = "Target Support Files/Pods-Spots-SpotsUITests/Pods-Spots-SpotsUITests.release.xcconfig"; sourceTree = "<group>"; };
		3324DAF827435CB8001F6F6C /* HomeScreen.storyboard */ = {isa = PBXFileReference; lastKnownFileType = file.storyboard; path = HomeScreen.storyboard; sourceTree = "<group>"; };
		3324DAFE27436BE8001F6F6C /* HomeViewController.swift */ = {isa = PBXFileReference; lastKnownFileType = sourcecode.swift; path = HomeViewController.swift; sourceTree = "<group>"; };
		3324DB022744A67D001F6F6C /* LoginViewController.swift */ = {isa = PBXFileReference; lastKnownFileType = sourcecode.swift; path = LoginViewController.swift; sourceTree = "<group>"; };
		33BB2643274C3BB5007CB09A /* FoodandDrinksScreen.storyboard */ = {isa = PBXFileReference; lastKnownFileType = file.storyboard; path = FoodandDrinksScreen.storyboard; sourceTree = "<group>"; };
		33BB2645274C3C0C007CB09A /* FoodandDrinksController.swift */ = {isa = PBXFileReference; lastKnownFileType = sourcecode.swift; path = FoodandDrinksController.swift; sourceTree = "<group>"; };
		33BB2647274C59A6007CB09A /* PlacesScreen.storyboard */ = {isa = PBXFileReference; lastKnownFileType = file.storyboard; path = PlacesScreen.storyboard; sourceTree = "<group>"; };
		4C853BA5274CA9CF00156C39 /* RegistrationScreen.storyboard */ = {isa = PBXFileReference; fileEncoding = 4; lastKnownFileType = file.storyboard; path = RegistrationScreen.storyboard; sourceTree = "<group>"; };
		4C853BA7274CAA3A00156C39 /* RegistrationViewController.swift */ = {isa = PBXFileReference; lastKnownFileType = sourcecode.swift; path = RegistrationViewController.swift; sourceTree = "<group>"; };
		55B7E548274CA4F30019CDE5 /* Logo.png */ = {isa = PBXFileReference; lastKnownFileType = image.png; name = Logo.png; path = ../../../Logo.png; sourceTree = "<group>"; };
		55B87D45273A39F3003D55FE /* Spots.app */ = {isa = PBXFileReference; explicitFileType = wrapper.application; includeInIndex = 0; path = Spots.app; sourceTree = BUILT_PRODUCTS_DIR; };
		55B87D48273A39F3003D55FE /* AppDelegate.swift */ = {isa = PBXFileReference; lastKnownFileType = sourcecode.swift; path = AppDelegate.swift; sourceTree = "<group>"; };
		55B87D4A273A39F3003D55FE /* SceneDelegate.swift */ = {isa = PBXFileReference; lastKnownFileType = sourcecode.swift; path = SceneDelegate.swift; sourceTree = "<group>"; };
		55B87D4C273A39F3003D55FE /* ViewController.swift */ = {isa = PBXFileReference; lastKnownFileType = sourcecode.swift; path = ViewController.swift; sourceTree = "<group>"; };
		55B87D4F273A39F3003D55FE /* Base */ = {isa = PBXFileReference; lastKnownFileType = file.storyboard; name = Base; path = Base.lproj/Main.storyboard; sourceTree = "<group>"; };
		55B87D51273A39F5003D55FE /* Assets.xcassets */ = {isa = PBXFileReference; lastKnownFileType = folder.assetcatalog; path = Assets.xcassets; sourceTree = "<group>"; };
		55B87D54273A39F5003D55FE /* Base */ = {isa = PBXFileReference; lastKnownFileType = file.storyboard; name = Base; path = Base.lproj/LaunchScreen.storyboard; sourceTree = "<group>"; };
		55B87D56273A39F5003D55FE /* Info.plist */ = {isa = PBXFileReference; lastKnownFileType = text.plist.xml; path = Info.plist; sourceTree = "<group>"; };
		55B87D5B273A39F5003D55FE /* SpotsTests.xctest */ = {isa = PBXFileReference; explicitFileType = wrapper.cfbundle; includeInIndex = 0; path = SpotsTests.xctest; sourceTree = BUILT_PRODUCTS_DIR; };
		55B87D5F273A39F5003D55FE /* SpotsTests.swift */ = {isa = PBXFileReference; lastKnownFileType = sourcecode.swift; path = SpotsTests.swift; sourceTree = "<group>"; };
		55B87D61273A39F5003D55FE /* Info.plist */ = {isa = PBXFileReference; lastKnownFileType = text.plist.xml; path = Info.plist; sourceTree = "<group>"; };
		55B87D66273A39F5003D55FE /* SpotsUITests.xctest */ = {isa = PBXFileReference; explicitFileType = wrapper.cfbundle; includeInIndex = 0; path = SpotsUITests.xctest; sourceTree = BUILT_PRODUCTS_DIR; };
		55B87D6A273A39F5003D55FE /* SpotsUITests.swift */ = {isa = PBXFileReference; lastKnownFileType = sourcecode.swift; path = SpotsUITests.swift; sourceTree = "<group>"; };
		55B87D6C273A39F5003D55FE /* Info.plist */ = {isa = PBXFileReference; lastKnownFileType = text.plist.xml; path = Info.plist; sourceTree = "<group>"; };
		55B87D78273A3EB5003D55FE /* LoginScreen.storyboard */ = {isa = PBXFileReference; lastKnownFileType = file.storyboard; path = LoginScreen.storyboard; sourceTree = "<group>"; };
		5CD56AB97B27A07759794B1D /* Pods-Spots.debug.xcconfig */ = {isa = PBXFileReference; includeInIndex = 1; lastKnownFileType = text.xcconfig; name = "Pods-Spots.debug.xcconfig"; path = "Target Support Files/Pods-Spots/Pods-Spots.debug.xcconfig"; sourceTree = "<group>"; };
		6886E883BDC303E895C602BA /* Pods-SpotsTests.release.xcconfig */ = {isa = PBXFileReference; includeInIndex = 1; lastKnownFileType = text.xcconfig; name = "Pods-SpotsTests.release.xcconfig"; path = "Target Support Files/Pods-SpotsTests/Pods-SpotsTests.release.xcconfig"; sourceTree = "<group>"; };
		77C6D0F93591BC76B8151BDB /* Pods-Spots.release.xcconfig */ = {isa = PBXFileReference; includeInIndex = 1; lastKnownFileType = text.xcconfig; name = "Pods-Spots.release.xcconfig"; path = "Target Support Files/Pods-Spots/Pods-Spots.release.xcconfig"; sourceTree = "<group>"; };
		8E438B84D534172E85081950 /* Pods_Spots.framework */ = {isa = PBXFileReference; explicitFileType = wrapper.framework; includeInIndex = 0; path = Pods_Spots.framework; sourceTree = BUILT_PRODUCTS_DIR; };
		A1820347F9CB8DA1E2B5DE47 /* Pods_SpotsTests.framework */ = {isa = PBXFileReference; explicitFileType = wrapper.framework; includeInIndex = 0; path = Pods_SpotsTests.framework; sourceTree = BUILT_PRODUCTS_DIR; };
		AB5758D6FE55D3348CA4786E /* Pods-SpotsTests.debug.xcconfig */ = {isa = PBXFileReference; includeInIndex = 1; lastKnownFileType = text.xcconfig; name = "Pods-SpotsTests.debug.xcconfig"; path = "Target Support Files/Pods-SpotsTests/Pods-SpotsTests.debug.xcconfig"; sourceTree = "<group>"; };
		E12FBCE333E262A4914B2909 /* Pods-Spots-SpotsUITests.debug.xcconfig */ = {isa = PBXFileReference; includeInIndex = 1; lastKnownFileType = text.xcconfig; name = "Pods-Spots-SpotsUITests.debug.xcconfig"; path = "Target Support Files/Pods-Spots-SpotsUITests/Pods-Spots-SpotsUITests.debug.xcconfig"; sourceTree = "<group>"; };
		ED8F2C523BCAC67FCF9ABAE2 /* Pods_Spots_SpotsUITests.framework */ = {isa = PBXFileReference; explicitFileType = wrapper.framework; includeInIndex = 0; path = Pods_Spots_SpotsUITests.framework; sourceTree = BUILT_PRODUCTS_DIR; };
/* End PBXFileReference section */

/* Begin PBXFrameworksBuildPhase section */
		55B87D42273A39F3003D55FE /* Frameworks */ = {
			isa = PBXFrameworksBuildPhase;
			buildActionMask = 2147483647;
			files = (
				4C4D33E6789022A66F024FE3 /* Pods_Spots.framework in Frameworks */,
			);
			runOnlyForDeploymentPostprocessing = 0;
		};
		55B87D58273A39F5003D55FE /* Frameworks */ = {
			isa = PBXFrameworksBuildPhase;
			buildActionMask = 2147483647;
			files = (
				B65CBF2D2FA4F77212971593 /* Pods_SpotsTests.framework in Frameworks */,
			);
			runOnlyForDeploymentPostprocessing = 0;
		};
		55B87D63273A39F5003D55FE /* Frameworks */ = {
			isa = PBXFrameworksBuildPhase;
			buildActionMask = 2147483647;
			files = (
				115FF1DFAA099772D0512A83 /* Pods_Spots_SpotsUITests.framework in Frameworks */,
			);
			runOnlyForDeploymentPostprocessing = 0;
		};
/* End PBXFrameworksBuildPhase section */

/* Begin PBXGroup section */
		071429C0E81CEB5C136F3E44 /* Frameworks */ = {
			isa = PBXGroup;
			children = (
				8E438B84D534172E85081950 /* Pods_Spots.framework */,
				ED8F2C523BCAC67FCF9ABAE2 /* Pods_Spots_SpotsUITests.framework */,
				A1820347F9CB8DA1E2B5DE47 /* Pods_SpotsTests.framework */,
			);
			name = Frameworks;
			sourceTree = "<group>";
		};
		55B87D3C273A39F3003D55FE = {
			isa = PBXGroup;
			children = (
				55B87D47273A39F3003D55FE /* Spots */,
				55B87D5E273A39F5003D55FE /* SpotsTests */,
				55B87D69273A39F5003D55FE /* SpotsUITests */,
				55B87D46273A39F3003D55FE /* Products */,
				A886EAE8D28B6F4537D4B1F9 /* Pods */,
				071429C0E81CEB5C136F3E44 /* Frameworks */,
			);
			sourceTree = "<group>";
		};
		55B87D46273A39F3003D55FE /* Products */ = {
			isa = PBXGroup;
			children = (
				55B87D45273A39F3003D55FE /* Spots.app */,
				55B87D5B273A39F5003D55FE /* SpotsTests.xctest */,
				55B87D66273A39F5003D55FE /* SpotsUITests.xctest */,
			);
			name = Products;
			sourceTree = "<group>";
		};
		55B87D47273A39F3003D55FE /* Spots */ = {
			isa = PBXGroup;
			children = (
				55B87D48273A39F3003D55FE /* AppDelegate.swift */,
				55B87D4A273A39F3003D55FE /* SceneDelegate.swift */,
				55B87D78273A3EB5003D55FE /* LoginScreen.storyboard */,
				3324DAF827435CB8001F6F6C /* HomeScreen.storyboard */,
				33BB2643274C3BB5007CB09A /* FoodandDrinksScreen.storyboard */,
				33BB2647274C59A6007CB09A /* PlacesScreen.storyboard */,
				33BB2645274C3C0C007CB09A /* FoodandDrinksController.swift */,
				3324DB022744A67D001F6F6C /* LoginViewController.swift */,
				3324DAFE27436BE8001F6F6C /* HomeViewController.swift */,
				55B87D4C273A39F3003D55FE /* ViewController.swift */,
				55B87D4E273A39F3003D55FE /* Main.storyboard */,
				4C853BA5274CA9CF00156C39 /* RegistrationScreen.storyboard */,
				55B87D51273A39F5003D55FE /* Assets.xcassets */,
				55B7E548274CA4F30019CDE5 /* Logo.png */,
				55B87D53273A39F5003D55FE /* LaunchScreen.storyboard */,
				55B87D56273A39F5003D55FE /* Info.plist */,
				4C853BA7274CAA3A00156C39 /* RegistrationViewController.swift */,
			);
			path = Spots;
			sourceTree = "<group>";
		};
		55B87D5E273A39F5003D55FE /* SpotsTests */ = {
			isa = PBXGroup;
			children = (
				55B87D5F273A39F5003D55FE /* SpotsTests.swift */,
				55B87D61273A39F5003D55FE /* Info.plist */,
			);
			path = SpotsTests;
			sourceTree = "<group>";
		};
		55B87D69273A39F5003D55FE /* SpotsUITests */ = {
			isa = PBXGroup;
			children = (
				55B87D6A273A39F5003D55FE /* SpotsUITests.swift */,
				55B87D6C273A39F5003D55FE /* Info.plist */,
			);
			path = SpotsUITests;
			sourceTree = "<group>";
		};
		A886EAE8D28B6F4537D4B1F9 /* Pods */ = {
			isa = PBXGroup;
			children = (
				5CD56AB97B27A07759794B1D /* Pods-Spots.debug.xcconfig */,
				77C6D0F93591BC76B8151BDB /* Pods-Spots.release.xcconfig */,
				E12FBCE333E262A4914B2909 /* Pods-Spots-SpotsUITests.debug.xcconfig */,
				0200F359E5642325F939CA9D /* Pods-Spots-SpotsUITests.release.xcconfig */,
				AB5758D6FE55D3348CA4786E /* Pods-SpotsTests.debug.xcconfig */,
				6886E883BDC303E895C602BA /* Pods-SpotsTests.release.xcconfig */,
			);
			path = Pods;
			sourceTree = "<group>";
		};
/* End PBXGroup section */

/* Begin PBXNativeTarget section */
		55B87D44273A39F3003D55FE /* Spots */ = {
			isa = PBXNativeTarget;
			buildConfigurationList = 55B87D6F273A39F5003D55FE /* Build configuration list for PBXNativeTarget "Spots" */;
			buildPhases = (
				7808802AE4F4B3E28CEE3C83 /* [CP] Check Pods Manifest.lock */,
				55B87D41273A39F3003D55FE /* Sources */,
				55B87D42273A39F3003D55FE /* Frameworks */,
				55B87D43273A39F3003D55FE /* Resources */,
				8FC7FF8ECF6E118FB9887A8D /* [CP] Embed Pods Frameworks */,
			);
			buildRules = (
			);
			dependencies = (
			);
			name = Spots;
			productName = Spots;
			productReference = 55B87D45273A39F3003D55FE /* Spots.app */;
			productType = "com.apple.product-type.application";
		};
		55B87D5A273A39F5003D55FE /* SpotsTests */ = {
			isa = PBXNativeTarget;
			buildConfigurationList = 55B87D72273A39F5003D55FE /* Build configuration list for PBXNativeTarget "SpotsTests" */;
			buildPhases = (
				454BE6AA83C074AC2DD077BF /* [CP] Check Pods Manifest.lock */,
				55B87D57273A39F5003D55FE /* Sources */,
				55B87D58273A39F5003D55FE /* Frameworks */,
				55B87D59273A39F5003D55FE /* Resources */,
			);
			buildRules = (
			);
			dependencies = (
				55B87D5D273A39F5003D55FE /* PBXTargetDependency */,
			);
			name = SpotsTests;
			productName = SpotsTests;
			productReference = 55B87D5B273A39F5003D55FE /* SpotsTests.xctest */;
			productType = "com.apple.product-type.bundle.unit-test";
		};
		55B87D65273A39F5003D55FE /* SpotsUITests */ = {
			isa = PBXNativeTarget;
			buildConfigurationList = 55B87D75273A39F5003D55FE /* Build configuration list for PBXNativeTarget "SpotsUITests" */;
			buildPhases = (
				B0CA936C7F8359622F1207A4 /* [CP] Check Pods Manifest.lock */,
				55B87D62273A39F5003D55FE /* Sources */,
				55B87D63273A39F5003D55FE /* Frameworks */,
				55B87D64273A39F5003D55FE /* Resources */,
				258AB26B3C566D4CD8BCE672 /* [CP] Embed Pods Frameworks */,
			);
			buildRules = (
			);
			dependencies = (
				55B87D68273A39F5003D55FE /* PBXTargetDependency */,
			);
			name = SpotsUITests;
			productName = SpotsUITests;
			productReference = 55B87D66273A39F5003D55FE /* SpotsUITests.xctest */;
			productType = "com.apple.product-type.bundle.ui-testing";
		};
/* End PBXNativeTarget section */

/* Begin PBXProject section */
		55B87D3D273A39F3003D55FE /* Project object */ = {
			isa = PBXProject;
			attributes = {
				LastSwiftUpdateCheck = 1250;
				LastUpgradeCheck = 1250;
				TargetAttributes = {
					55B87D44273A39F3003D55FE = {
						CreatedOnToolsVersion = 12.5.1;
					};
					55B87D5A273A39F5003D55FE = {
						CreatedOnToolsVersion = 12.5.1;
						TestTargetID = 55B87D44273A39F3003D55FE;
					};
					55B87D65273A39F5003D55FE = {
						CreatedOnToolsVersion = 12.5.1;
						TestTargetID = 55B87D44273A39F3003D55FE;
					};
				};
			};
			buildConfigurationList = 55B87D40273A39F3003D55FE /* Build configuration list for PBXProject "Spots" */;
			compatibilityVersion = "Xcode 9.3";
			developmentRegion = en;
			hasScannedForEncodings = 0;
			knownRegions = (
				en,
				Base,
			);
			mainGroup = 55B87D3C273A39F3003D55FE;
			productRefGroup = 55B87D46273A39F3003D55FE /* Products */;
			projectDirPath = "";
			projectRoot = "";
			targets = (
				55B87D44273A39F3003D55FE /* Spots */,
				55B87D5A273A39F5003D55FE /* SpotsTests */,
				55B87D65273A39F5003D55FE /* SpotsUITests */,
			);
		};
/* End PBXProject section */

/* Begin PBXResourcesBuildPhase section */
		55B87D43273A39F3003D55FE /* Resources */ = {
			isa = PBXResourcesBuildPhase;
			buildActionMask = 2147483647;
			files = (
				33BB2648274C59A6007CB09A /* PlacesScreen.storyboard in Resources */,
				3324DAF927435CB8001F6F6C /* HomeScreen.storyboard in Resources */,
				33BB2644274C3BB5007CB09A /* FoodandDrinksScreen.storyboard in Resources */,
				4C853BA6274CA9CF00156C39 /* RegistrationScreen.storyboard in Resources */,
				55B87D55273A39F5003D55FE /* LaunchScreen.storyboard in Resources */,
				55B7E549274CA4F30019CDE5 /* Logo.png in Resources */,
				55B87D52273A39F5003D55FE /* Assets.xcassets in Resources */,
				55B87D79273A3EB5003D55FE /* LoginScreen.storyboard in Resources */,
				55B87D50273A39F3003D55FE /* Main.storyboard in Resources */,
			);
			runOnlyForDeploymentPostprocessing = 0;
		};
		55B87D59273A39F5003D55FE /* Resources */ = {
			isa = PBXResourcesBuildPhase;
			buildActionMask = 2147483647;
			files = (
			);
			runOnlyForDeploymentPostprocessing = 0;
		};
		55B87D64273A39F5003D55FE /* Resources */ = {
			isa = PBXResourcesBuildPhase;
			buildActionMask = 2147483647;
			files = (
			);
			runOnlyForDeploymentPostprocessing = 0;
		};
/* End PBXResourcesBuildPhase section */

/* Begin PBXShellScriptBuildPhase section */
		258AB26B3C566D4CD8BCE672 /* [CP] Embed Pods Frameworks */ = {
			isa = PBXShellScriptBuildPhase;
			buildActionMask = 2147483647;
			files = (
			);
			inputFileListPaths = (
				"${PODS_ROOT}/Target Support Files/Pods-Spots-SpotsUITests/Pods-Spots-SpotsUITests-frameworks-${CONFIGURATION}-input-files.xcfilelist",
			);
			name = "[CP] Embed Pods Frameworks";
			outputFileListPaths = (
				"${PODS_ROOT}/Target Support Files/Pods-Spots-SpotsUITests/Pods-Spots-SpotsUITests-frameworks-${CONFIGURATION}-output-files.xcfilelist",
			);
			runOnlyForDeploymentPostprocessing = 0;
			shellPath = /bin/sh;
			shellScript = "\"${PODS_ROOT}/Target Support Files/Pods-Spots-SpotsUITests/Pods-Spots-SpotsUITests-frameworks.sh\"\n";
			showEnvVarsInLog = 0;
		};
		454BE6AA83C074AC2DD077BF /* [CP] Check Pods Manifest.lock */ = {
			isa = PBXShellScriptBuildPhase;
			buildActionMask = 2147483647;
			files = (
			);
			inputFileListPaths = (
			);
			inputPaths = (
				"${PODS_PODFILE_DIR_PATH}/Podfile.lock",
				"${PODS_ROOT}/Manifest.lock",
			);
			name = "[CP] Check Pods Manifest.lock";
			outputFileListPaths = (
			);
			outputPaths = (
				"$(DERIVED_FILE_DIR)/Pods-SpotsTests-checkManifestLockResult.txt",
			);
			runOnlyForDeploymentPostprocessing = 0;
			shellPath = /bin/sh;
			shellScript = "diff \"${PODS_PODFILE_DIR_PATH}/Podfile.lock\" \"${PODS_ROOT}/Manifest.lock\" > /dev/null\nif [ $? != 0 ] ; then\n    # print error to STDERR\n    echo \"error: The sandbox is not in sync with the Podfile.lock. Run 'pod install' or update your CocoaPods installation.\" >&2\n    exit 1\nfi\n# This output is used by Xcode 'outputs' to avoid re-running this script phase.\necho \"SUCCESS\" > \"${SCRIPT_OUTPUT_FILE_0}\"\n";
			showEnvVarsInLog = 0;
		};
		7808802AE4F4B3E28CEE3C83 /* [CP] Check Pods Manifest.lock */ = {
			isa = PBXShellScriptBuildPhase;
			buildActionMask = 2147483647;
			files = (
			);
			inputFileListPaths = (
			);
			inputPaths = (
				"${PODS_PODFILE_DIR_PATH}/Podfile.lock",
				"${PODS_ROOT}/Manifest.lock",
			);
			name = "[CP] Check Pods Manifest.lock";
			outputFileListPaths = (
			);
			outputPaths = (
				"$(DERIVED_FILE_DIR)/Pods-Spots-checkManifestLockResult.txt",
			);
			runOnlyForDeploymentPostprocessing = 0;
			shellPath = /bin/sh;
			shellScript = "diff \"${PODS_PODFILE_DIR_PATH}/Podfile.lock\" \"${PODS_ROOT}/Manifest.lock\" > /dev/null\nif [ $? != 0 ] ; then\n    # print error to STDERR\n    echo \"error: The sandbox is not in sync with the Podfile.lock. Run 'pod install' or update your CocoaPods installation.\" >&2\n    exit 1\nfi\n# This output is used by Xcode 'outputs' to avoid re-running this script phase.\necho \"SUCCESS\" > \"${SCRIPT_OUTPUT_FILE_0}\"\n";
			showEnvVarsInLog = 0;
		};
		8FC7FF8ECF6E118FB9887A8D /* [CP] Embed Pods Frameworks */ = {
			isa = PBXShellScriptBuildPhase;
			buildActionMask = 2147483647;
			files = (
			);
			inputFileListPaths = (
				"${PODS_ROOT}/Target Support Files/Pods-Spots/Pods-Spots-frameworks-${CONFIGURATION}-input-files.xcfilelist",
			);
			name = "[CP] Embed Pods Frameworks";
			outputFileListPaths = (
				"${PODS_ROOT}/Target Support Files/Pods-Spots/Pods-Spots-frameworks-${CONFIGURATION}-output-files.xcfilelist",
			);
			runOnlyForDeploymentPostprocessing = 0;
			shellPath = /bin/sh;
			shellScript = "\"${PODS_ROOT}/Target Support Files/Pods-Spots/Pods-Spots-frameworks.sh\"\n";
			showEnvVarsInLog = 0;
		};
		B0CA936C7F8359622F1207A4 /* [CP] Check Pods Manifest.lock */ = {
			isa = PBXShellScriptBuildPhase;
			buildActionMask = 2147483647;
			files = (
			);
			inputFileListPaths = (
			);
			inputPaths = (
				"${PODS_PODFILE_DIR_PATH}/Podfile.lock",
				"${PODS_ROOT}/Manifest.lock",
			);
			name = "[CP] Check Pods Manifest.lock";
			outputFileListPaths = (
			);
			outputPaths = (
				"$(DERIVED_FILE_DIR)/Pods-Spots-SpotsUITests-checkManifestLockResult.txt",
			);
			runOnlyForDeploymentPostprocessing = 0;
			shellPath = /bin/sh;
			shellScript = "diff \"${PODS_PODFILE_DIR_PATH}/Podfile.lock\" \"${PODS_ROOT}/Manifest.lock\" > /dev/null\nif [ $? != 0 ] ; then\n    # print error to STDERR\n    echo \"error: The sandbox is not in sync with the Podfile.lock. Run 'pod install' or update your CocoaPods installation.\" >&2\n    exit 1\nfi\n# This output is used by Xcode 'outputs' to avoid re-running this script phase.\necho \"SUCCESS\" > \"${SCRIPT_OUTPUT_FILE_0}\"\n";
			showEnvVarsInLog = 0;
		};
/* End PBXShellScriptBuildPhase section */

/* Begin PBXSourcesBuildPhase section */
		55B87D41273A39F3003D55FE /* Sources */ = {
			isa = PBXSourcesBuildPhase;
			buildActionMask = 2147483647;
			files = (
				3324DB032744A67D001F6F6C /* LoginViewController.swift in Sources */,
				3324DAFF27436BE8001F6F6C /* HomeViewController.swift in Sources */,
				55B87D4D273A39F3003D55FE /* ViewController.swift in Sources */,
				55B87D49273A39F3003D55FE /* AppDelegate.swift in Sources */,
				4C853BA8274CAA3A00156C39 /* RegistrationViewController.swift in Sources */,
				33BB2646274C3C0C007CB09A /* FoodandDrinksController.swift in Sources */,
				55B87D4B273A39F3003D55FE /* SceneDelegate.swift in Sources */,
			);
			runOnlyForDeploymentPostprocessing = 0;
		};
		55B87D57273A39F5003D55FE /* Sources */ = {
			isa = PBXSourcesBuildPhase;
			buildActionMask = 2147483647;
			files = (
				55B87D60273A39F5003D55FE /* SpotsTests.swift in Sources */,
			);
			runOnlyForDeploymentPostprocessing = 0;
		};
		55B87D62273A39F5003D55FE /* Sources */ = {
			isa = PBXSourcesBuildPhase;
			buildActionMask = 2147483647;
			files = (
				55B87D6B273A39F5003D55FE /* SpotsUITests.swift in Sources */,
			);
			runOnlyForDeploymentPostprocessing = 0;
		};
/* End PBXSourcesBuildPhase section */

/* Begin PBXTargetDependency section */
		55B87D5D273A39F5003D55FE /* PBXTargetDependency */ = {
			isa = PBXTargetDependency;
			target = 55B87D44273A39F3003D55FE /* Spots */;
			targetProxy = 55B87D5C273A39F5003D55FE /* PBXContainerItemProxy */;
		};
		55B87D68273A39F5003D55FE /* PBXTargetDependency */ = {
			isa = PBXTargetDependency;
			target = 55B87D44273A39F3003D55FE /* Spots */;
			targetProxy = 55B87D67273A39F5003D55FE /* PBXContainerItemProxy */;
		};
/* End PBXTargetDependency section */

/* Begin PBXVariantGroup section */
		55B87D4E273A39F3003D55FE /* Main.storyboard */ = {
			isa = PBXVariantGroup;
			children = (
				55B87D4F273A39F3003D55FE /* Base */,
			);
			name = Main.storyboard;
			sourceTree = "<group>";
		};
		55B87D53273A39F5003D55FE /* LaunchScreen.storyboard */ = {
			isa = PBXVariantGroup;
			children = (
				55B87D54273A39F5003D55FE /* Base */,
			);
			name = LaunchScreen.storyboard;
			sourceTree = "<group>";
		};
/* End PBXVariantGroup section */

/* Begin XCBuildConfiguration section */
		55B87D6D273A39F5003D55FE /* Debug */ = {
			isa = XCBuildConfiguration;
			buildSettings = {
				ALWAYS_SEARCH_USER_PATHS = NO;
				CLANG_ANALYZER_NONNULL = YES;
				CLANG_ANALYZER_NUMBER_OBJECT_CONVERSION = YES_AGGRESSIVE;
				CLANG_CXX_LANGUAGE_STANDARD = "gnu++14";
				CLANG_CXX_LIBRARY = "libc++";
				CLANG_ENABLE_MODULES = YES;
				CLANG_ENABLE_OBJC_ARC = YES;
				CLANG_ENABLE_OBJC_WEAK = YES;
				CLANG_WARN_BLOCK_CAPTURE_AUTORELEASING = YES;
				CLANG_WARN_BOOL_CONVERSION = YES;
				CLANG_WARN_COMMA = YES;
				CLANG_WARN_CONSTANT_CONVERSION = YES;
				CLANG_WARN_DEPRECATED_OBJC_IMPLEMENTATIONS = YES;
				CLANG_WARN_DIRECT_OBJC_ISA_USAGE = YES_ERROR;
				CLANG_WARN_DOCUMENTATION_COMMENTS = YES;
				CLANG_WARN_EMPTY_BODY = YES;
				CLANG_WARN_ENUM_CONVERSION = YES;
				CLANG_WARN_INFINITE_RECURSION = YES;
				CLANG_WARN_INT_CONVERSION = YES;
				CLANG_WARN_NON_LITERAL_NULL_CONVERSION = YES;
				CLANG_WARN_OBJC_IMPLICIT_RETAIN_SELF = YES;
				CLANG_WARN_OBJC_LITERAL_CONVERSION = YES;
				CLANG_WARN_OBJC_ROOT_CLASS = YES_ERROR;
				CLANG_WARN_QUOTED_INCLUDE_IN_FRAMEWORK_HEADER = YES;
				CLANG_WARN_RANGE_LOOP_ANALYSIS = YES;
				CLANG_WARN_STRICT_PROTOTYPES = YES;
				CLANG_WARN_SUSPICIOUS_MOVE = YES;
				CLANG_WARN_UNGUARDED_AVAILABILITY = YES_AGGRESSIVE;
				CLANG_WARN_UNREACHABLE_CODE = YES;
				CLANG_WARN__DUPLICATE_METHOD_MATCH = YES;
				COPY_PHASE_STRIP = NO;
				DEBUG_INFORMATION_FORMAT = dwarf;
				ENABLE_STRICT_OBJC_MSGSEND = YES;
				ENABLE_TESTABILITY = YES;
				GCC_C_LANGUAGE_STANDARD = gnu11;
				GCC_DYNAMIC_NO_PIC = NO;
				GCC_NO_COMMON_BLOCKS = YES;
				GCC_OPTIMIZATION_LEVEL = 0;
				GCC_PREPROCESSOR_DEFINITIONS = (
					"DEBUG=1",
					"$(inherited)",
				);
				GCC_WARN_64_TO_32_BIT_CONVERSION = YES;
				GCC_WARN_ABOUT_RETURN_TYPE = YES_ERROR;
				GCC_WARN_UNDECLARED_SELECTOR = YES;
				GCC_WARN_UNINITIALIZED_AUTOS = YES_AGGRESSIVE;
				GCC_WARN_UNUSED_FUNCTION = YES;
				GCC_WARN_UNUSED_VARIABLE = YES;
				IPHONEOS_DEPLOYMENT_TARGET = 14.5;
				MTL_ENABLE_DEBUG_INFO = INCLUDE_SOURCE;
				MTL_FAST_MATH = YES;
				ONLY_ACTIVE_ARCH = YES;
				SDKROOT = iphoneos;
				SWIFT_ACTIVE_COMPILATION_CONDITIONS = DEBUG;
				SWIFT_OPTIMIZATION_LEVEL = "-Onone";
			};
			name = Debug;
		};
		55B87D6E273A39F5003D55FE /* Release */ = {
			isa = XCBuildConfiguration;
			buildSettings = {
				ALWAYS_SEARCH_USER_PATHS = NO;
				CLANG_ANALYZER_NONNULL = YES;
				CLANG_ANALYZER_NUMBER_OBJECT_CONVERSION = YES_AGGRESSIVE;
				CLANG_CXX_LANGUAGE_STANDARD = "gnu++14";
				CLANG_CXX_LIBRARY = "libc++";
				CLANG_ENABLE_MODULES = YES;
				CLANG_ENABLE_OBJC_ARC = YES;
				CLANG_ENABLE_OBJC_WEAK = YES;
				CLANG_WARN_BLOCK_CAPTURE_AUTORELEASING = YES;
				CLANG_WARN_BOOL_CONVERSION = YES;
				CLANG_WARN_COMMA = YES;
				CLANG_WARN_CONSTANT_CONVERSION = YES;
				CLANG_WARN_DEPRECATED_OBJC_IMPLEMENTATIONS = YES;
				CLANG_WARN_DIRECT_OBJC_ISA_USAGE = YES_ERROR;
				CLANG_WARN_DOCUMENTATION_COMMENTS = YES;
				CLANG_WARN_EMPTY_BODY = YES;
				CLANG_WARN_ENUM_CONVERSION = YES;
				CLANG_WARN_INFINITE_RECURSION = YES;
				CLANG_WARN_INT_CONVERSION = YES;
				CLANG_WARN_NON_LITERAL_NULL_CONVERSION = YES;
				CLANG_WARN_OBJC_IMPLICIT_RETAIN_SELF = YES;
				CLANG_WARN_OBJC_LITERAL_CONVERSION = YES;
				CLANG_WARN_OBJC_ROOT_CLASS = YES_ERROR;
				CLANG_WARN_QUOTED_INCLUDE_IN_FRAMEWORK_HEADER = YES;
				CLANG_WARN_RANGE_LOOP_ANALYSIS = YES;
				CLANG_WARN_STRICT_PROTOTYPES = YES;
				CLANG_WARN_SUSPICIOUS_MOVE = YES;
				CLANG_WARN_UNGUARDED_AVAILABILITY = YES_AGGRESSIVE;
				CLANG_WARN_UNREACHABLE_CODE = YES;
				CLANG_WARN__DUPLICATE_METHOD_MATCH = YES;
				COPY_PHASE_STRIP = NO;
				DEBUG_INFORMATION_FORMAT = "dwarf-with-dsym";
				ENABLE_NS_ASSERTIONS = NO;
				ENABLE_STRICT_OBJC_MSGSEND = YES;
				GCC_C_LANGUAGE_STANDARD = gnu11;
				GCC_NO_COMMON_BLOCKS = YES;
				GCC_WARN_64_TO_32_BIT_CONVERSION = YES;
				GCC_WARN_ABOUT_RETURN_TYPE = YES_ERROR;
				GCC_WARN_UNDECLARED_SELECTOR = YES;
				GCC_WARN_UNINITIALIZED_AUTOS = YES_AGGRESSIVE;
				GCC_WARN_UNUSED_FUNCTION = YES;
				GCC_WARN_UNUSED_VARIABLE = YES;
				IPHONEOS_DEPLOYMENT_TARGET = 14.5;
				MTL_ENABLE_DEBUG_INFO = NO;
				MTL_FAST_MATH = YES;
				SDKROOT = iphoneos;
				SWIFT_COMPILATION_MODE = wholemodule;
				SWIFT_OPTIMIZATION_LEVEL = "-O";
				VALIDATE_PRODUCT = YES;
			};
			name = Release;
		};
		55B87D70273A39F5003D55FE /* Debug */ = {
			isa = XCBuildConfiguration;
			baseConfigurationReference = 5CD56AB97B27A07759794B1D /* Pods-Spots.debug.xcconfig */;
			buildSettings = {
				ASSETCATALOG_COMPILER_APPICON_NAME = AppIcon;
				ASSETCATALOG_COMPILER_GLOBAL_ACCENT_COLOR_NAME = AccentColor;
				CODE_SIGN_STYLE = Automatic;
				INFOPLIST_FILE = Spots/Info.plist;
				IPHONEOS_DEPLOYMENT_TARGET = 15.0;
				LD_RUNPATH_SEARCH_PATHS = (
					"$(inherited)",
					"@executable_path/Frameworks",
				);
				PRODUCT_BUNDLE_IDENTIFIER = memo.com.Spots;
				PRODUCT_NAME = "$(TARGET_NAME)";
				SWIFT_VERSION = 5.0;
				TARGETED_DEVICE_FAMILY = "1,2";
			};
			name = Debug;
		};
		55B87D71273A39F5003D55FE /* Release */ = {
			isa = XCBuildConfiguration;
			baseConfigurationReference = 77C6D0F93591BC76B8151BDB /* Pods-Spots.release.xcconfig */;
			buildSettings = {
				ASSETCATALOG_COMPILER_APPICON_NAME = AppIcon;
				ASSETCATALOG_COMPILER_GLOBAL_ACCENT_COLOR_NAME = AccentColor;
				CODE_SIGN_STYLE = Automatic;
				INFOPLIST_FILE = Spots/Info.plist;
				IPHONEOS_DEPLOYMENT_TARGET = 15.0;
				LD_RUNPATH_SEARCH_PATHS = (
					"$(inherited)",
					"@executable_path/Frameworks",
				);
				PRODUCT_BUNDLE_IDENTIFIER = memo.com.Spots;
				PRODUCT_NAME = "$(TARGET_NAME)";
				SWIFT_VERSION = 5.0;
				TARGETED_DEVICE_FAMILY = "1,2";
			};
			name = Release;
		};
		55B87D73273A39F5003D55FE /* Debug */ = {
			isa = XCBuildConfiguration;
			baseConfigurationReference = AB5758D6FE55D3348CA4786E /* Pods-SpotsTests.debug.xcconfig */;
			buildSettings = {
				ALWAYS_EMBED_SWIFT_STANDARD_LIBRARIES = YES;
				BUNDLE_LOADER = "$(TEST_HOST)";
				CODE_SIGN_STYLE = Automatic;
				INFOPLIST_FILE = SpotsTests/Info.plist;
				IPHONEOS_DEPLOYMENT_TARGET = 14.5;
				LD_RUNPATH_SEARCH_PATHS = (
					"$(inherited)",
					"@executable_path/Frameworks",
					"@loader_path/Frameworks",
				);
				PRODUCT_BUNDLE_IDENTIFIER = memo.com.SpotsTests;
				PRODUCT_NAME = "$(TARGET_NAME)";
				SWIFT_VERSION = 5.0;
				TARGETED_DEVICE_FAMILY = "1,2";
				TEST_HOST = "$(BUILT_PRODUCTS_DIR)/Spots.app/Spots";
			};
			name = Debug;
		};
		55B87D74273A39F5003D55FE /* Release */ = {
			isa = XCBuildConfiguration;
			baseConfigurationReference = 6886E883BDC303E895C602BA /* Pods-SpotsTests.release.xcconfig */;
			buildSettings = {
				ALWAYS_EMBED_SWIFT_STANDARD_LIBRARIES = YES;
				BUNDLE_LOADER = "$(TEST_HOST)";
				CODE_SIGN_STYLE = Automatic;
				INFOPLIST_FILE = SpotsTests/Info.plist;
				IPHONEOS_DEPLOYMENT_TARGET = 14.5;
				LD_RUNPATH_SEARCH_PATHS = (
					"$(inherited)",
					"@executable_path/Frameworks",
					"@loader_path/Frameworks",
				);
				PRODUCT_BUNDLE_IDENTIFIER = memo.com.SpotsTests;
				PRODUCT_NAME = "$(TARGET_NAME)";
				SWIFT_VERSION = 5.0;
				TARGETED_DEVICE_FAMILY = "1,2";
				TEST_HOST = "$(BUILT_PRODUCTS_DIR)/Spots.app/Spots";
			};
			name = Release;
		};
		55B87D76273A39F5003D55FE /* Debug */ = {
			isa = XCBuildConfiguration;
			baseConfigurationReference = E12FBCE333E262A4914B2909 /* Pods-Spots-SpotsUITests.debug.xcconfig */;
			buildSettings = {
				ALWAYS_EMBED_SWIFT_STANDARD_LIBRARIES = YES;
				CODE_SIGN_STYLE = Automatic;
				INFOPLIST_FILE = SpotsUITests/Info.plist;
				LD_RUNPATH_SEARCH_PATHS = (
					"$(inherited)",
					"@executable_path/Frameworks",
					"@loader_path/Frameworks",
				);
				PRODUCT_BUNDLE_IDENTIFIER = memo.com.SpotsUITests;
				PRODUCT_NAME = "$(TARGET_NAME)";
				SWIFT_VERSION = 5.0;
				TARGETED_DEVICE_FAMILY = "1,2";
				TEST_TARGET_NAME = Spots;
			};
			name = Debug;
		};
		55B87D77273A39F5003D55FE /* Release */ = {
			isa = XCBuildConfiguration;
			baseConfigurationReference = 0200F359E5642325F939CA9D /* Pods-Spots-SpotsUITests.release.xcconfig */;
			buildSettings = {
				ALWAYS_EMBED_SWIFT_STANDARD_LIBRARIES = YES;
				CODE_SIGN_STYLE = Automatic;
				INFOPLIST_FILE = SpotsUITests/Info.plist;
				LD_RUNPATH_SEARCH_PATHS = (
					"$(inherited)",
					"@executable_path/Frameworks",
					"@loader_path/Frameworks",
				);
				PRODUCT_BUNDLE_IDENTIFIER = memo.com.SpotsUITests;
				PRODUCT_NAME = "$(TARGET_NAME)";
				SWIFT_VERSION = 5.0;
				TARGETED_DEVICE_FAMILY = "1,2";
				TEST_TARGET_NAME = Spots;
			};
			name = Release;
		};
/* End XCBuildConfiguration section */

/* Begin XCConfigurationList section */
		55B87D40273A39F3003D55FE /* Build configuration list for PBXProject "Spots" */ = {
			isa = XCConfigurationList;
			buildConfigurations = (
				55B87D6D273A39F5003D55FE /* Debug */,
				55B87D6E273A39F5003D55FE /* Release */,
			);
			defaultConfigurationIsVisible = 0;
			defaultConfigurationName = Release;
		};
		55B87D6F273A39F5003D55FE /* Build configuration list for PBXNativeTarget "Spots" */ = {
			isa = XCConfigurationList;
			buildConfigurations = (
				55B87D70273A39F5003D55FE /* Debug */,
				55B87D71273A39F5003D55FE /* Release */,
			);
			defaultConfigurationIsVisible = 0;
			defaultConfigurationName = Release;
		};
		55B87D72273A39F5003D55FE /* Build configuration list for PBXNativeTarget "SpotsTests" */ = {
			isa = XCConfigurationList;
			buildConfigurations = (
				55B87D73273A39F5003D55FE /* Debug */,
				55B87D74273A39F5003D55FE /* Release */,
			);
			defaultConfigurationIsVisible = 0;
			defaultConfigurationName = Release;
		};
		55B87D75273A39F5003D55FE /* Build configuration list for PBXNativeTarget "SpotsUITests" */ = {
			isa = XCConfigurationList;
			buildConfigurations = (
				55B87D76273A39F5003D55FE /* Debug */,
				55B87D77273A39F5003D55FE /* Release */,
			);
			defaultConfigurationIsVisible = 0;
			defaultConfigurationName = Release;
		};
/* End XCConfigurationList section */
	};
	rootObject = 55B87D3D273A39F3003D55FE /* Project object */;
}
